
Microsoft Visual Studio Solution File, Format Version 12.00
# Visual Studio 15
VisualStudioVersion = 15.0.28307.421
MinimumVisualStudioVersion = 10.0.40219.1
Project("{FAE04EC0-301F-11D3-BF4B-00C04F79EFBC}") = "SimpleBatchDownloader", "SimpleBatchDownloader\SimpleBatchDownloader.csproj", "{10E454B3-CF9C-4970-B86F-83C66A56919B}"
EndProject
Global
	GlobalSection(SolutionConfigurationPlatforms) = preSolution
		Debug|Any CPU = Debug|Any CPU
		Release|Any CPU = Release|Any CPU
	EndGlobalSection
	GlobalSection(ProjectConfigurationPlatforms) = postSolution
		{10E454B3-CF9C-4970-B86F-83C66A56919B}.Debug|Any CPU.ActiveCfg = Debug|Any CPU
		{10E454B3-CF9C-4970-B86F-83C66A56919B}.Debug|Any CPU.Build.0 = Debug|Any CPU
		{10E454B3-CF9C-4970-B86F-83C66A56919B}.Release|Any CPU.ActiveCfg = Release|Any CPU
		{10E454B3-CF9C-4970-B86F-83C66A56919B}.Release|Any CPU.Build.0 = Release|Any CPU
	EndGlobalSection
	GlobalSection(SolutionProperties) = preSolution
		HideSolutionNode = FALSE
	EndGlobalSection
	GlobalSection(ExtensibilityGlobals) = postSolution
		SolutionGuid = {C1D25EA5-CDA3-432D-B6BD-ACB5A8F1409D}
	EndGlobalSection
EndGlobal
